
Microsoft Visual Studio Solution File, Format Version 12.00
# Visual Studio Version 16
VisualStudioVersion = 16.0.31624.102
MinimumVisualStudioVersion = 10.0.40219.1
Project("{FAE04EC0-301F-11D3-BF4B-00C04F79EFBC}") = "CornellBox", "CornellBox\CornellBox.csproj", "{B90AAB3B-8A47-46B7-9E25-379344345195}"
EndProject
Global
	GlobalSection(SolutionConfigurationPlatforms) = preSolution
		Debug|Any CPU = Debug|Any CPU
		Release|Any CPU = Release|Any CPU
	EndGlobalSection
	GlobalSection(ProjectConfigurationPlatforms) = postSolution
		{B90AAB3B-8A47-46B7-9E25-379344345195}.Debug|Any CPU.ActiveCfg = Debug|Any CPU
		{B90AAB3B-8A47-46B7-9E25-379344345195}.Debug|Any CPU.Build.0 = Debug|Any CPU
		{B90AAB3B-8A47-46B7-9E25-379344345195}.Release|Any CPU.ActiveCfg = Release|Any CPU
		{B90AAB3B-8A47-46B7-9E25-379344345195}.Release|Any CPU.Build.0 = Release|Any CPU
	EndGlobalSection
	GlobalSection(SolutionProperties) = preSolution
		HideSolutionNode = FALSE
	EndGlobalSection
	GlobalSection(ExtensibilityGlobals) = postSolution
		SolutionGuid = {1F8A1A1A-A2A0-48CA-846E-DCED20504815}
	EndGlobalSection
EndGlobal
